
Microsoft Visual Studio Solution File, Format Version 12.00
# Visual Studio 15
VisualStudioVersion = 15.0.27703.2026
MinimumVisualStudioVersion = 10.0.40219.1
Project("{FAE04EC0-301F-11D3-BF4B-00C04F79EFBC}") = "P01_StudentSystem", "P01_StudentSystem\P01_StudentSystem.csproj", "{B587FFD3-B94A-4BAF-8B63-E9991C0726E9}"
EndProject
Project("{FAE04EC0-301F-11D3-BF4B-00C04F79EFBC}") = "P01_StudentSystem.Data", "P01_StudentSystem.Data\P01_StudentSystem.Data.csproj", "{7C7F27C3-1133-4F0A-9809-ADFE12CED082}"
EndProject
Project("{FAE04EC0-301F-11D3-BF4B-00C04F79EFBC}") = "P01_StudentSystem.Data.Models", "P01_StudentSystem.Data.Models\P01_StudentSystem.Data.Models.csproj", "{37CE60BD-2A90-45BE-85B0-FA467FD6A77E}"
EndProject
Global
	GlobalSection(SolutionConfigurationPlatforms) = preSolution
		Debug|Any CPU = Debug|Any CPU
		Release|Any CPU = Release|Any CPU
	EndGlobalSection
	GlobalSection(ProjectConfigurationPlatforms) = postSolution
		{B587FFD3-B94A-4BAF-8B63-E9991C0726E9}.Debug|Any CPU.ActiveCfg = Debug|Any CPU
		{B587FFD3-B94A-4BAF-8B63-E9991C0726E9}.Debug|Any CPU.Build.0 = Debug|Any CPU
		{B587FFD3-B94A-4BAF-8B63-E9991C0726E9}.Release|Any CPU.ActiveCfg = Release|Any CPU
		{B587FFD3-B94A-4BAF-8B63-E9991C0726E9}.Release|Any CPU.Build.0 = Release|Any CPU
		{7C7F27C3-1133-4F0A-9809-ADFE12CED082}.Debug|Any CPU.ActiveCfg = Debug|Any CPU
		{7C7F27C3-1133-4F0A-9809-ADFE12CED082}.Debug|Any CPU.Build.0 = Debug|Any CPU
		{7C7F27C3-1133-4F0A-9809-ADFE12CED082}.Release|Any CPU.ActiveCfg = Release|Any CPU
		{7C7F27C3-1133-4F0A-9809-ADFE12CED082}.Release|Any CPU.Build.0 = Release|Any CPU
		{37CE60BD-2A90-45BE-85B0-FA467FD6A77E}.Debug|Any CPU.ActiveCfg = Debug|Any CPU
		{37CE60BD-2A90-45BE-85B0-FA467FD6A77E}.Debug|Any CPU.Build.0 = Debug|Any CPU
		{37CE60BD-2A90-45BE-85B0-FA467FD6A77E}.Release|Any CPU.ActiveCfg = Release|Any CPU
		{37CE60BD-2A90-45BE-85B0-FA467FD6A77E}.Release|Any CPU.Build.0 = Release|Any CPU
	EndGlobalSection
	GlobalSection(SolutionProperties) = preSolution
		HideSolutionNode = FALSE
	EndGlobalSection
	GlobalSection(ExtensibilityGlobals) = postSolution
		SolutionGuid = {ACC5F36A-2A45-4268-AD12-C52C2D187AC2}
	EndGlobalSection
EndGlobal
